
Microsoft Visual Studio Solution File, Format Version 12.00
# Visual Studio Version 17
VisualStudioVersion = 17.5.33326.253
MinimumVisualStudioVersion = 10.0.40219.1
Project("{9A19103F-16F7-4668-BE54-9A1E7A4F7556}") = "RonSijm.Flowmailer", "RonSijm.Flowmailer\RonSijm.Flowmailer.csproj", "{990A9831-9B85-471B-9ACC-051EBE4507A7}"
EndProject
Global
	GlobalSection(SolutionConfigurationPlatforms) = preSolution
		Core7|Any CPU = Core7|Any CPU
		Debug|Any CPU = Debug|Any CPU
		Release|Any CPU = Release|Any CPU
	EndGlobalSection
	GlobalSection(ProjectConfigurationPlatforms) = postSolution
		{990A9831-9B85-471B-9ACC-051EBE4507A7}.Core7|Any CPU.ActiveCfg = Core7|Any CPU
		{990A9831-9B85-471B-9ACC-051EBE4507A7}.Core7|Any CPU.Build.0 = Core7|Any CPU
		{990A9831-9B85-471B-9ACC-051EBE4507A7}.Debug|Any CPU.ActiveCfg = Debug|Any CPU
		{990A9831-9B85-471B-9ACC-051EBE4507A7}.Debug|Any CPU.Build.0 = Debug|Any CPU
		{990A9831-9B85-471B-9ACC-051EBE4507A7}.Release|Any CPU.ActiveCfg = Release|Any CPU
		{990A9831-9B85-471B-9ACC-051EBE4507A7}.Release|Any CPU.Build.0 = Release|Any CPU
	EndGlobalSection
	GlobalSection(SolutionProperties) = preSolution
		HideSolutionNode = FALSE
	EndGlobalSection
	GlobalSection(ExtensibilityGlobals) = postSolution
		SolutionGuid = {291A1B67-AA35-4092-AAAB-855B5E6B2E08}
	EndGlobalSection
EndGlobal
